
Microsoft Visual Studio Solution File, Format Version 12.00
# Visual Studio Version 16
VisualStudioVersion = 16.0.29509.3
MinimumVisualStudioVersion = 10.0.40219.1
Project("{2150E333-8FDC-42A3-9474-1A3956D46DE8}") = "src", "src", "{D97E2DB8-1DF4-4808-80D6-1D3C9BFF5724}"
EndProject
Project("{2150E333-8FDC-42A3-9474-1A3956D46DE8}") = "Services", "Services", "{7DF623BC-DF95-4793-8FCC-AF845D6F5F91}"
EndProject
Project("{9A19103F-16F7-4668-BE54-9A1E7A4F7556}") = "ContaFacil.Authentication.API", "src\services\ContaFacil.Authentication.API\ContaFacil.Authentication.API.csproj", "{2CFB00F8-2E18-4D0C-A14A-3643FEEBB80B}"
EndProject
Project("{2150E333-8FDC-42A3-9474-1A3956D46DE8}") = "Building Blocks", "Building Blocks", "{D13EA12A-D2B3-4A61-AD77-6BDFB51CBB59}"
EndProject
Project("{9A19103F-16F7-4668-BE54-9A1E7A4F7556}") = "ContaFacil.Core", "src\building blocks\ContaFacil.Core\ContaFacil.Core.csproj", "{F177167C-8F98-4AB3-A5DC-A747AC31BEAC}"
EndProject
Project("{9A19103F-16F7-4668-BE54-9A1E7A4F7556}") = "ContaFacil.CurrentAccount.Domain", "src\services\ContaFacil.CurrentAccount.Domain\ContaFacil.CurrentAccount.Domain.csproj", "{B7C304E7-355A-4CC3-8386-94535B388FA4}"
EndProject
Project("{2150E333-8FDC-42A3-9474-1A3956D46DE8}") = "tests", "tests", "{AC9FCFD3-5397-49BB-B60B-BB2A3EE43421}"
EndProject
Project("{9A19103F-16F7-4668-BE54-9A1E7A4F7556}") = "ContaFacil.CurrentAccount.Data", "src\services\ContaFacil.CurrentAccount.Data\ContaFacil.CurrentAccount.Data.csproj", "{4547C6A9-693C-4B64-A897-955058B6E8FC}"
EndProject
Project("{2150E333-8FDC-42A3-9474-1A3956D46DE8}") = "CurrentAccount", "CurrentAccount", "{BBF7E3C3-D986-44E9-95EA-6F810DDE746D}"
EndProject
Project("{2150E333-8FDC-42A3-9474-1A3956D46DE8}") = "Authentication", "Authentication", "{0D07D535-F9B0-4DD1-A618-04BF7AD42557}"
EndProject
Project("{2150E333-8FDC-42A3-9474-1A3956D46DE8}") = "CurrentAccount", "CurrentAccount", "{D5B11805-E976-4257-958B-004F5D77D361}"
EndProject
Project("{9A19103F-16F7-4668-BE54-9A1E7A4F7556}") = "ContaFacil.CurrentAccount.Domain.Test", "tests\ContaFacil.CurrentAccount.Domain.Test\ContaFacil.CurrentAccount.Domain.Test.csproj", "{2DE25C42-360C-494C-8277-13D090D37A23}"
EndProject
Project("{9A19103F-16F7-4668-BE54-9A1E7A4F7556}") = "ContaFacil.CurrentAccount.API", "src\services\ContaFacil.CurrentAccount.API\ContaFacil.CurrentAccount.API.csproj", "{793CDDA2-6F64-4CAA-AC74-EAB1FA656A1A}"
EndProject
Project("{2150E333-8FDC-42A3-9474-1A3956D46DE8}") = "Core", "Core", "{372CF223-D5EA-4883-BD0F-4379628AB193}"
EndProject
Project("{9A19103F-16F7-4668-BE54-9A1E7A4F7556}") = "ContaFacil.WebAPI.Core", "src\building blocks\ContaFacil.WebAPI.Core\ContaFacil.WebAPI.Core.csproj", "{F6984991-BA2A-4B8A-B570-EBC51968C72E}"
EndProject
Global
	GlobalSection(SolutionConfigurationPlatforms) = preSolution
		Debug|Any CPU = Debug|Any CPU
		Release|Any CPU = Release|Any CPU
	EndGlobalSection
	GlobalSection(ProjectConfigurationPlatforms) = postSolution
		{2CFB00F8-2E18-4D0C-A14A-3643FEEBB80B}.Debug|Any CPU.ActiveCfg = Debug|Any CPU
		{2CFB00F8-2E18-4D0C-A14A-3643FEEBB80B}.Debug|Any CPU.Build.0 = Debug|Any CPU
		{2CFB00F8-2E18-4D0C-A14A-3643FEEBB80B}.Release|Any CPU.ActiveCfg = Release|Any CPU
		{2CFB00F8-2E18-4D0C-A14A-3643FEEBB80B}.Release|Any CPU.Build.0 = Release|Any CPU
		{F177167C-8F98-4AB3-A5DC-A747AC31BEAC}.Debug|Any CPU.ActiveCfg = Debug|Any CPU
		{F177167C-8F98-4AB3-A5DC-A747AC31BEAC}.Debug|Any CPU.Build.0 = Debug|Any CPU
		{F177167C-8F98-4AB3-A5DC-A747AC31BEAC}.Release|Any CPU.ActiveCfg = Release|Any CPU
		{F177167C-8F98-4AB3-A5DC-A747AC31BEAC}.Release|Any CPU.Build.0 = Release|Any CPU
		{B7C304E7-355A-4CC3-8386-94535B388FA4}.Debug|Any CPU.ActiveCfg = Debug|Any CPU
		{B7C304E7-355A-4CC3-8386-94535B388FA4}.Debug|Any CPU.Build.0 = Debug|Any CPU
		{B7C304E7-355A-4CC3-8386-94535B388FA4}.Release|Any CPU.ActiveCfg = Release|Any CPU
		{B7C304E7-355A-4CC3-8386-94535B388FA4}.Release|Any CPU.Build.0 = Release|Any CPU
		{4547C6A9-693C-4B64-A897-955058B6E8FC}.Debug|Any CPU.ActiveCfg = Debug|Any CPU
		{4547C6A9-693C-4B64-A897-955058B6E8FC}.Debug|Any CPU.Build.0 = Debug|Any CPU
		{4547C6A9-693C-4B64-A897-955058B6E8FC}.Release|Any CPU.ActiveCfg = Release|Any CPU
		{4547C6A9-693C-4B64-A897-955058B6E8FC}.Release|Any CPU.Build.0 = Release|Any CPU
		{2DE25C42-360C-494C-8277-13D090D37A23}.Debug|Any CPU.ActiveCfg = Debug|Any CPU
		{2DE25C42-360C-494C-8277-13D090D37A23}.Debug|Any CPU.Build.0 = Debug|Any CPU
		{2DE25C42-360C-494C-8277-13D090D37A23}.Release|Any CPU.ActiveCfg = Release|Any CPU
		{2DE25C42-360C-494C-8277-13D090D37A23}.Release|Any CPU.Build.0 = Release|Any CPU
		{793CDDA2-6F64-4CAA-AC74-EAB1FA656A1A}.Debug|Any CPU.ActiveCfg = Debug|Any CPU
		{793CDDA2-6F64-4CAA-AC74-EAB1FA656A1A}.Debug|Any CPU.Build.0 = Debug|Any CPU
		{793CDDA2-6F64-4CAA-AC74-EAB1FA656A1A}.Release|Any CPU.ActiveCfg = Release|Any CPU
		{793CDDA2-6F64-4CAA-AC74-EAB1FA656A1A}.Release|Any CPU.Build.0 = Release|Any CPU
		{F6984991-BA2A-4B8A-B570-EBC51968C72E}.Debug|Any CPU.ActiveCfg = Debug|Any CPU
		{F6984991-BA2A-4B8A-B570-EBC51968C72E}.Debug|Any CPU.Build.0 = Debug|Any CPU
		{F6984991-BA2A-4B8A-B570-EBC51968C72E}.Release|Any CPU.ActiveCfg = Release|Any CPU
		{F6984991-BA2A-4B8A-B570-EBC51968C72E}.Release|Any CPU.Build.0 = Release|Any CPU
	EndGlobalSection
	GlobalSection(SolutionProperties) = preSolution
		HideSolutionNode = FALSE
	EndGlobalSection
	GlobalSection(NestedProjects) = preSolution
		{7DF623BC-DF95-4793-8FCC-AF845D6F5F91} = {D97E2DB8-1DF4-4808-80D6-1D3C9BFF5724}
		{2CFB00F8-2E18-4D0C-A14A-3643FEEBB80B} = {0D07D535-F9B0-4DD1-A618-04BF7AD42557}
		{D13EA12A-D2B3-4A61-AD77-6BDFB51CBB59} = {D97E2DB8-1DF4-4808-80D6-1D3C9BFF5724}
		{F177167C-8F98-4AB3-A5DC-A747AC31BEAC} = {372CF223-D5EA-4883-BD0F-4379628AB193}
		{B7C304E7-355A-4CC3-8386-94535B388FA4} = {D5B11805-E976-4257-958B-004F5D77D361}
		{4547C6A9-693C-4B64-A897-955058B6E8FC} = {D5B11805-E976-4257-958B-004F5D77D361}
		{BBF7E3C3-D986-44E9-95EA-6F810DDE746D} = {AC9FCFD3-5397-49BB-B60B-BB2A3EE43421}
		{0D07D535-F9B0-4DD1-A618-04BF7AD42557} = {7DF623BC-DF95-4793-8FCC-AF845D6F5F91}
		{D5B11805-E976-4257-958B-004F5D77D361} = {7DF623BC-DF95-4793-8FCC-AF845D6F5F91}
		{2DE25C42-360C-494C-8277-13D090D37A23} = {BBF7E3C3-D986-44E9-95EA-6F810DDE746D}
		{793CDDA2-6F64-4CAA-AC74-EAB1FA656A1A} = {D5B11805-E976-4257-958B-004F5D77D361}
		{372CF223-D5EA-4883-BD0F-4379628AB193} = {D13EA12A-D2B3-4A61-AD77-6BDFB51CBB59}
		{F6984991-BA2A-4B8A-B570-EBC51968C72E} = {372CF223-D5EA-4883-BD0F-4379628AB193}
	EndGlobalSection
	GlobalSection(ExtensibilityGlobals) = postSolution
		SolutionGuid = {BC632ABD-12AB-48BA-9A9E-CF7E6A7A248C}
	EndGlobalSection
EndGlobal
